# THIS IS AN AUTOGENERATED FILE. DO NOT EDIT THIS FILE DIRECTLY.
# yarn lockfile v1


"@playwright/test@^1.21.0", "@playwright/test@^1.42.1":
  "integrity" "sha512-Gq9rmS54mjBL/7/MvBaNOBwbfnh7beHvS6oS4srqXFcQHpQCV1+c8JXWE8VLPyRDhgS3H8x8A7hztqI9VnwrAQ=="
  "resolved" "https://registry.npmjs.org/@playwright/test/-/test-1.42.1.tgz"
  "version" "1.42.1"
  dependencies:
    "playwright" "1.42.1"

"@zerostep/playwright@^0.1.5":
  "integrity" "sha512-0//F+ITgwbIzJY/L/xrykyaJQgj6FxajUl+HXO1jFEyvcwCvPDt+ZYpvavmxi4Va5D4UVKJQ7L0AM7kA+7L6Kw=="
  "resolved" "https://registry.npmjs.org/@zerostep/playwright/-/playwright-0.1.5.tgz"
  "version" "0.1.5"
  dependencies:
    "uuidv7" "^0.6.3"
    "ws" "^8.14.2"

"playwright-core@1.42.1":
  "integrity" "sha512-mxz6zclokgrke9p1vtdy/COWBH+eOZgYUVVU34C73M+4j4HLlQJHtfcqiqqxpP0o8HhMkflvfbquLX5dg6wlfA=="
  "resolved" "https://registry.npmjs.org/playwright-core/-/playwright-core-1.42.1.tgz"
  "version" "1.42.1"

"playwright@1.42.1":
  "integrity" "sha512-PgwB03s2DZBcNRoW+1w9E+VkLBxweib6KTXM0M3tkiT4jVxKSi6PmVJ591J+0u10LUrgxB7dLRbiJqO5s2QPMg=="
  "resolved" "https://registry.npmjs.org/playwright/-/playwright-1.42.1.tgz"
  "version" "1.42.1"
  dependencies:
    "playwright-core" "1.42.1"
  optionalDependencies:
    "fsevents" "2.3.2"

"uuidv7@^0.6.3":
  "integrity" "sha512-zV3eW2NlXTsun/aJ7AixxZjH/byQcH/r3J99MI0dDEkU2cJIBJxhEWUHDTpOaLPRNhebPZoeHuykYREkI9HafA=="
  "resolved" "https://registry.npmjs.org/uuidv7/-/uuidv7-0.6.3.tgz"
  "version" "0.6.3"

"ws@^8.14.2":
  "integrity" "sha512-HS0c//TP7Ina87TfiPUz1rQzMhHrl/SG2guqRcTOIUYD2q8uhUdNHZYJUaQ8aTGPzCh+c6oawMKW35nFl1dxyQ=="
  "resolved" "https://registry.npmjs.org/ws/-/ws-8.16.0.tgz"
  "version" "8.16.0"
